// !$*UTF8*$!
{
	archiveVersion = 1;
	classes = {
	};
	objectVersion = 50;
	objects = {

/* Begin PBXBuildFile section */
		18EB145320D2494C00DF938F /* AppDelegate.m in Sources */ = {isa = PBXBuildFile; fileRef = 18EB145220D2494C00DF938F /* AppDelegate.m */; };
		18EB145520D2494F00DF938F /* Assets.xcassets in Resources */ = {isa = PBXBuildFile; fileRef = 18EB145420D2494F00DF938F /* Assets.xcassets */; };
		18EB145820D2494F00DF938F /* LaunchScreen.storyboard in Resources */ = {isa = PBXBuildFile; fileRef = 18EB145620D2494F00DF938F /* LaunchScreen.storyboard */; };
		18EB145B20D2494F00DF938F /* main.m in Sources */ = {isa = PBXBuildFile; fileRef = 18EB145A20D2494F00DF938F /* main.m */; };
		18EB146520D2494F00DF938F /* YXItemSelectTests.m in Sources */ = {isa = PBXBuildFile; fileRef = 18EB146420D2494F00DF938F /* YXItemSelectTests.m */; };
/* End PBXBuildFile section */

/* Begin PBXContainerItemProxy section */
		18EB146120D2494F00DF938F /* PBXContainerItemProxy */ = {
			isa = PBXContainerItemProxy;
			containerPortal = 18EB144620D2494C00DF938F /* Project object */;
			proxyType = 1;
			remoteGlobalIDString = 18EB144D20D2494C00DF938F;
			remoteInfo = YXItemSelect;
		};
/* End PBXContainerItemProxy section */

/* Begin PBXFileReference section */
		18EB144E20D2494C00DF938F /* YXItemSelect.app */ = {isa = PBXFileReference; explicitFileType = wrapper.application; includeInIndex = 0; path = YXItemSelect.app; sourceTree = BUILT_PRODUCTS_DIR; };
		18EB145120D2494C00DF938F /* AppDelegate.h */ = {isa = PBXFileReference; lastKnownFileType = sourcecode.c.h; path = AppDelegate.h; sourceTree = "<group>"; };
		18EB145220D2494C00DF938F /* AppDelegate.m */ = {isa = PBXFileReference; lastKnownFileType = sourcecode.c.objc; path = AppDelegate.m; sourceTree = "<group>"; };
		18EB145420D2494F00DF938F /* Assets.xcassets */ = {isa = PBXFileReference; lastKnownFileType = folder.assetcatalog; path = Assets.xcassets; sourceTree = "<group>"; };
		18EB145720D2494F00DF938F /* Base */ = {isa = PBXFileReference; lastKnownFileType = file.storyboard; name = Base; path = Base.lproj/LaunchScreen.storyboard; sourceTree = "<group>"; };
		18EB145920D2494F00DF938F /* Info.plist */ = {isa = PBXFileReference; lastKnownFileType = text.plist.xml; path = Info.plist; sourceTree = "<group>"; };
		18EB145A20D2494F00DF938F /* main.m */ = {isa = PBXFileReference; lastKnownFileType = sourcecode.c.objc; path = main.m; sourceTree = "<group>"; };
		18EB146020D2494F00DF938F /* YXItemSelectTests.xctest */ = {isa = PBXFileReference; explicitFileType = wrapper.cfbundle; includeInIndex = 0; path = YXItemSelectTests.xctest; sourceTree = BUILT_PRODUCTS_DIR; };
		18EB146420D2494F00DF938F /* YXItemSelectTests.m */ = {isa = PBXFileReference; lastKnownFileType = sourcecode.c.objc; path = YXItemSelectTests.m; sourceTree = "<group>"; };
		18EB146620D2494F00DF938F /* Info.plist */ = {isa = PBXFileReference; lastKnownFileType = text.plist.xml; path = Info.plist; sourceTree = "<group>"; };
/* End PBXFileReference section */

/* Begin PBXFrameworksBuildPhase section */
		18EB144B20D2494C00DF938F /* Frameworks */ = {
			isa = PBXFrameworksBuildPhase;
			buildActionMask = 2147483647;
			files = (
			);
			runOnlyForDeploymentPostprocessing = 0;
		};
		18EB145D20D2494F00DF938F /* Frameworks */ = {
			isa = PBXFrameworksBuildPhase;
			buildActionMask = 2147483647;
			files = (
			);
			runOnlyForDeploymentPostprocessing = 0;
		};
/* End PBXFrameworksBuildPhase section */

/* Begin PBXGroup section */
		18EB144520D2494C00DF938F = {
			isa = PBXGroup;
			children = (
				18EB145020D2494C00DF938F /* YXItemSelect */,
				18EB146320D2494F00DF938F /* YXItemSelectTests */,
				18EB144F20D2494C00DF938F /* Products */,
			);
			sourceTree = "<group>";
		};
		18EB144F20D2494C00DF938F /* Products */ = {
			isa = PBXGroup;
			children = (
				18EB144E20D2494C00DF938F /* YXItemSelect.app */,
				18EB146020D2494F00DF938F /* YXItemSelectTests.xctest */,
			);
			name = Products;
			sourceTree = "<group>";
		};
		18EB145020D2494C00DF938F /* YXItemSelect */ = {
			isa = PBXGroup;
			children = (
				18EB145120D2494C00DF938F /* AppDelegate.h */,
				18EB145220D2494C00DF938F /* AppDelegate.m */,
				18EB145420D2494F00DF938F /* Assets.xcassets */,
				18EB145620D2494F00DF938F /* LaunchScreen.storyboard */,
				18EB145920D2494F00DF938F /* Info.plist */,
				18EB145A20D2494F00DF938F /* main.m */,
			);
			path = YXItemSelect;
			sourceTree = "<group>";
		};
		18EB146320D2494F00DF938F /* YXItemSelectTests */ = {
			isa = PBXGroup;
			children = (
				18EB146420D2494F00DF938F /* YXItemSelectTests.m */,
				18EB146620D2494F00DF938F /* Info.plist */,
			);
			path = YXItemSelectTests;
			sourceTree = "<group>";
		};
/* End PBXGroup section */

/* Begin PBXNativeTarget section */
		18EB144D20D2494C00DF938F /* YXItemSelect */ = {
			isa = PBXNativeTarget;
			buildConfigurationList = 18EB146920D2494F00DF938F /* Build configuration list for PBXNativeTarget "YXItemSelect" */;
			buildPhases = (
				18EB144A20D2494C00DF938F /* Sources */,
				18EB144B20D2494C00DF938F /* Frameworks */,
				18EB144C20D2494C00DF938F /* Resources */,
			);
			buildRules = (
			);
			dependencies = (
			);
			name = YXItemSelect;
			productName = YXItemSelect;
			productReference = 18EB144E20D2494C00DF938F /* YXItemSelect.app */;
			productType = "com.apple.product-type.application";
		};
		18EB145F20D2494F00DF938F /* YXItemSelectTests */ = {
			isa = PBXNativeTarget;
			buildConfigurationList = 18EB146C20D2494F00DF938F /* Build configuration list for PBXNativeTarget "YXItemSelectTests" */;
			buildPhases = (
				18EB145C20D2494F00DF938F /* Sources */,
				18EB145D20D2494F00DF938F /* Frameworks */,
				18EB145E20D2494F00DF938F /* Resources */,
			);
			buildRules = (
			);
			dependencies = (
				18EB146220D2494F00DF938F /* PBXTargetDependency */,
			);
			name = YXItemSelectTests;
			productName = YXItemSelectTests;
			productReference = 18EB146020D2494F00DF938F /* YXItemSelectTests.xctest */;
			productType = "com.apple.product-type.bundle.unit-test";
		};
/* End PBXNativeTarget section */

/* Begin PBXProject section */
		18EB144620D2494C00DF938F /* Project object */ = {
			isa = PBXProject;
			attributes = {
				LastUpgradeCheck = 0940;
				ORGANIZATIONNAME = apple;
				TargetAttributes = {
					18EB144D20D2494C00DF938F = {
						CreatedOnToolsVersion = 9.4.1;
					};
					18EB145F20D2494F00DF938F = {
						CreatedOnToolsVersion = 9.4.1;
						TestTargetID = 18EB144D20D2494C00DF938F;
					};
				};
			};
			buildConfigurationList = 18EB144920D2494C00DF938F /* Build configuration list for PBXProject "YXItemSelect" */;
			compatibilityVersion = "Xcode 9.3";
			developmentRegion = en;
			hasScannedForEncodings = 0;
			knownRegions = (
				en,
				Base,
			);
			mainGroup = 18EB144520D2494C00DF938F;
			productRefGroup = 18EB144F20D2494C00DF938F /* Products */;
			projectDirPath = "";
			projectRoot = "";
			targets = (
				18EB144D20D2494C00DF938F /* YXItemSelect */,
				18EB145F20D2494F00DF938F /* YXItemSelectTests */,
			);
		};
/* End PBXProject section */

/* Begin PBXResourcesBuildPhase section */
		18EB144C20D2494C00DF938F /* Resources */ = {
			isa = PBXResourcesBuildPhase;
			buildActionMask = 2147483647;
			files = (
				18EB145520D2494F00DF938F /* Assets.xcassets in Resources */,
				18EB145820D2494F00DF938F /* LaunchScreen.storyboard in Resources */,
			);
			runOnlyForDeploymentPostprocessing = 0;
		};
		18EB145E20D2494F00DF938F /* Resources */ = {
			isa = PBXResourcesBuildPhase;
			buildActionMask = 2147483647;
			files = (
			);
			runOnlyForDeploymentPostprocessing = 0;
		};
/* End PBXResourcesBuildPhase section */

/* Begin PBXSourcesBuildPhase section */
		18EB144A20D2494C00DF938F /* Sources */ = {
			isa = PBXSourcesBuildPhase;
			buildActionMask = 2147483647;
			files = (
				18EB145B20D2494F00DF938F /* main.m in Sources */,
				18EB145320D2494C00DF938F /* AppDelegate.m in Sources */,
			);
			runOnlyForDeploymentPostprocessing = 0;
		};
		18EB145C20D2494F00DF938F /* Sources */ = {
			isa = PBXSourcesBuildPhase;
			buildActionMask = 2147483647;
			files = (
				18EB146520D2494F00DF938F /* YXItemSelectTests.m in Sources */,
			);
			runOnlyForDeploymentPostprocessing = 0;
		};
/* End PBXSourcesBuildPhase section */

/* Begin PBXTargetDependency section */
		18EB146220D2494F00DF938F /* PBXTargetDependency */ = {
			isa = PBXTargetDependency;
			target = 18EB144D20D2494C00DF938F /* YXItemSelect */;
			targetProxy = 18EB146120D2494F00DF938F /* PBXContainerItemProxy */;
		};
/* End PBXTargetDependency section */

/* Begin PBXVariantGroup section */
		18EB145620D2494F00DF938F /* LaunchScreen.storyboard */ = {
			isa = PBXVariantGroup;
			children = (
				18EB145720D2494F00DF938F /* Base */,
			);
			name = LaunchScreen.storyboard;
			sourceTree = "<group>";
		};
/* End PBXVariantGroup section */

/* Begin XCBuildConfiguration section */
		18EB146720D2494F00DF938F /* Debug */ = {
			isa = XCBuildConfiguration;
			buildSettings = {
				ALWAYS_SEARCH_USER_PATHS = NO;
				CLANG_ANALYZER_NONNULL = YES;
				CLANG_ANALYZER_NUMBER_OBJECT_CONVERSION = YES_AGGRESSIVE;
				CLANG_CXX_LANGUAGE_STANDARD = "gnu++14";
				CLANG_CXX_LIBRARY = "libc++";
				CLANG_ENABLE_MODULES = YES;
				CLANG_ENABLE_OBJC_ARC = YES;
				CLANG_ENABLE_OBJC_WEAK = YES;
				CLANG_WARN_BLOCK_CAPTURE_AUTORELEASING = YES;
				CLANG_WARN_BOOL_CONVERSION = YES;
				CLANG_WARN_COMMA = YES;
				CLANG_WARN_CONSTANT_CONVERSION = YES;
				CLANG_WARN_DEPRECATED_OBJC_IMPLEMENTATIONS = YES;
				CLANG_WARN_DIRECT_OBJC_ISA_USAGE = YES_ERROR;
				CLANG_WARN_DOCUMENTATION_COMMENTS = YES;
				CLANG_WARN_EMPTY_BODY = YES;
				CLANG_WARN_ENUM_CONVERSION = YES;
				CLANG_WARN_INFINITE_RECURSION = YES;
				CLANG_WARN_INT_CONVERSION = YES;
				CLANG_WARN_NON_LITERAL_NULL_CONVERSION = YES;
				CLANG_WARN_OBJC_IMPLICIT_RETAIN_SELF = YES;
				CLANG_WARN_OBJC_LITERAL_CONVERSION = YES;
				CLANG_WARN_OBJC_ROOT_CLASS = YES_ERROR;
				CLANG_WARN_RANGE_LOOP_ANALYSIS = YES;
				CLANG_WARN_STRICT_PROTOTYPES = YES;
				CLANG_WARN_SUSPICIOUS_MOVE = YES;
				CLANG_WARN_UNGUARDED_AVAILABILITY = YES_AGGRESSIVE;
				CLANG_WARN_UNREACHABLE_CODE = YES;
				CLANG_WARN__DUPLICATE_METHOD_MATCH = YES;
				CODE_SIGN_IDENTITY = "iPhone Developer";
				COPY_PHASE_STRIP = NO;
				DEBUG_INFORMATION_FORMAT = dwarf;
				ENABLE_STRICT_OBJC_MSGSEND = YES;
				ENABLE_TESTABILITY = YES;
				GCC_C_LANGUAGE_STANDARD = gnu11;
				GCC_DYNAMIC_NO_PIC = NO;
				GCC_NO_COMMON_BLOCKS = YES;
				GCC_OPTIMIZATION_LEVEL = 0;
				GCC_PREPROCESSOR_DEFINITIONS = (
					"DEBUG=1",
					"$(inherited)",
				);
				GCC_WARN_64_TO_32_BIT_CONVERSION = YES;
				GCC_WARN_ABOUT_RETURN_TYPE = YES_ERROR;
				GCC_WARN_UNDECLARED_SELECTOR = YES;
				GCC_WARN_UNINITIALIZED_AUTOS = YES_AGGRESSIVE;
				GCC_WARN_UNUSED_FUNCTION = YES;
				GCC_WARN_UNUSED_VARIABLE = YES;
				IPHONEOS_DEPLOYMENT_TARGET = 11.4;
				MTL_ENABLE_DEBUG_INFO = YES;
				ONLY_ACTIVE_ARCH = YES;
				SDKROOT = iphoneos;
			};
			name = Debug;
		};
		18EB146820D2494F00DF938F /* Release */ = {
			isa = XCBuildConfiguration;
			buildSettings = {
				ALWAYS_SEARCH_USER_PATHS = NO;
				CLANG_ANALYZER_NONNULL = YES;
				CLANG_ANALYZER_NUMBER_OBJECT_CONVERSION = YES_AGGRESSIVE;
				CLANG_CXX_LANGUAGE_STANDARD = "gnu++14";
				CLANG_CXX_LIBRARY = "libc++";
				CLANG_ENABLE_MODULES = YES;
				CLANG_ENABLE_OBJC_ARC = YES;
				CLANG_ENABLE_OBJC_WEAK = YES;
				CLANG_WARN_BLOCK_CAPTURE_AUTORELEASING = YES;
				CLANG_WARN_BOOL_CONVERSION = YES;
				CLANG_WARN_COMMA = YES;
				CLANG_WARN_CONSTANT_CONVERSION = YES;
				CLANG_WARN_DEPRECATED_OBJC_IMPLEMENTATIONS = YES;
				CLANG_WARN_DIRECT_OBJC_ISA_USAGE = YES_ERROR;
				CLANG_WARN_DOCUMENTATION_COMMENTS = YES;
				CLANG_WARN_EMPTY_BODY = YES;
				CLANG_WARN_ENUM_CONVERSION = YES;
				CLANG_WARN_INFINITE_RECURSION = YES;
				CLANG_WARN_INT_CONVERSION = YES;
				CLANG_WARN_NON_LITERAL_NULL_CONVERSION = YES;
				CLANG_WARN_OBJC_IMPLICIT_RETAIN_SELF = YES;
				CLANG_WARN_OBJC_LITERAL_CONVERSION = YES;
				CLANG_WARN_OBJC_ROOT_CLASS = YES_ERROR;
				CLANG_WARN_RANGE_LOOP_ANALYSIS = YES;
				CLANG_WARN_STRICT_PROTOTYPES = YES;
				CLANG_WARN_SUSPICIOUS_MOVE = YES;
				CLANG_WARN_UNGUARDED_AVAILABILITY = YES_AGGRESSIVE;
				CLANG_WARN_UNREACHABLE_CODE = YES;
				CLANG_WARN__DUPLICATE_METHOD_MATCH = YES;
				CODE_SIGN_IDENTITY = "iPhone Developer";
				COPY_PHASE_STRIP = NO;
				DEBUG_INFORMATION_FORMAT = "dwarf-with-dsym";
				ENABLE_NS_ASSERTIONS = NO;
				ENABLE_STRICT_OBJC_MSGSEND = YES;
				GCC_C_LANGUAGE_STANDARD = gnu11;
				GCC_NO_COMMON_BLOCKS = YES;
				GCC_WARN_64_TO_32_BIT_CONVERSION = YES;
				GCC_WARN_ABOUT_RETURN_TYPE = YES_ERROR;
				GCC_WARN_UNDECLARED_SELECTOR = YES;
				GCC_WARN_UNINITIALIZED_AUTOS = YES_AGGRESSIVE;
				GCC_WARN_UNUSED_FUNCTION = YES;
				GCC_WARN_UNUSED_VARIABLE = YES;
				IPHONEOS_DEPLOYMENT_TARGET = 11.4;
				MTL_ENABLE_DEBUG_INFO = NO;
				SDKROOT = iphoneos;
				VALIDATE_PRODUCT = YES;
			};
			name = Release;
		};
		18EB146A20D2494F00DF938F /* Debug */ = {
			isa = XCBuildConfiguration;
			buildSettings = {
				ASSETCATALOG_COMPILER_APPICON_NAME = AppIcon;
				CODE_SIGN_STYLE = Automatic;
				INFOPLIST_FILE = YXItemSelect/Info.plist;
				LD_RUNPATH_SEARCH_PATHS = (
					"$(inherited)",
					"@executable_path/Frameworks",
				);
				PRODUCT_BUNDLE_IDENTIFIER = com.zyx.package.YXItemSelect;
				PRODUCT_NAME = "$(TARGET_NAME)";
				TARGETED_DEVICE_FAMILY = "1,2";
			};
			name = Debug;
		};
		18EB146B20D2494F00DF938F /* Release */ = {
			isa = XCBuildConfiguration;
			buildSettings = {
				ASSETCATALOG_COMPILER_APPICON_NAME = AppIcon;
				CODE_SIGN_STYLE = Automatic;
				INFOPLIST_FILE = YXItemSelect/Info.plist;
				LD_RUNPATH_SEARCH_PATHS = (
					"$(inherited)",
					"@executable_path/Frameworks",
				);
				PRODUCT_BUNDLE_IDENTIFIER = com.zyx.package.YXItemSelect;
				PRODUCT_NAME = "$(TARGET_NAME)";
				TARGETED_DEVICE_FAMILY = "1,2";
			};
			name = Release;
		};
		18EB146D20D2494F00DF938F /* Debug */ = {
			isa = XCBuildConfiguration;
			buildSettings = {
				BUNDLE_LOADER = "$(TEST_HOST)";
				CODE_SIGN_STYLE = Automatic;
				INFOPLIST_FILE = YXItemSelectTests/Info.plist;
				LD_RUNPATH_SEARCH_PATHS = (
					"$(inherited)",
					"@executable_path/Frameworks",
					"@loader_path/Frameworks",
				);
				PRODUCT_BUNDLE_IDENTIFIER = com.zyx.package.YXItemSelectTests;
				PRODUCT_NAME = "$(TARGET_NAME)";
				TARGETED_DEVICE_FAMILY = "1,2";
				TEST_HOST = "$(BUILT_PRODUCTS_DIR)/YXItemSelect.app/YXItemSelect";
			};
			name = Debug;
		};
		18EB146E20D2494F00DF938F /* Release */ = {
			isa = XCBuildConfiguration;
			buildSettings = {
				BUNDLE_LOADER = "$(TEST_HOST)";
				CODE_SIGN_STYLE = Automatic;
				INFOPLIST_FILE = YXItemSelectTests/Info.plist;
				LD_RUNPATH_SEARCH_PATHS = (
					"$(inherited)",
					"@executable_path/Frameworks",
					"@loader_path/Frameworks",
				);
				PRODUCT_BUNDLE_IDENTIFIER = com.zyx.package.YXItemSelectTests;
				PRODUCT_NAME = "$(TARGET_NAME)";
				TARGETED_DEVICE_FAMILY = "1,2";
				TEST_HOST = "$(BUILT_PRODUCTS_DIR)/YXItemSelect.app/YXItemSelect";
			};
			name = Release;
		};
/* End XCBuildConfiguration section */

/* Begin XCConfigurationList section */
		18EB144920D2494C00DF938F /* Build configuration list for PBXProject "YXItemSelect" */ = {
			isa = XCConfigurationList;
			buildConfigurations = (
				18EB146720D2494F00DF938F /* Debug */,
				18EB146820D2494F00DF938F /* Release */,
			);
			defaultConfigurationIsVisible = 0;
			defaultConfigurationName = Release;
		};
		18EB146920D2494F00DF938F /* Build configuration list for PBXNativeTarget "YXItemSelect" */ = {
			isa = XCConfigurationList;
			buildConfigurations = (
				18EB146A20D2494F00DF938F /* Debug */,
				18EB146B20D2494F00DF938F /* Release */,
			);
			defaultConfigurationIsVisible = 0;
			defaultConfigurationName = Release;
		};
		18EB146C20D2494F00DF938F /* Build configuration list for PBXNativeTarget "YXItemSelectTests" */ = {
			isa = XCConfigurationList;
			buildConfigurations = (
				18EB146D20D2494F00DF938F /* Debug */,
				18EB146E20D2494F00DF938F /* Release */,
			);
			defaultConfigurationIsVisible = 0;
			defaultConfigurationName = Release;
		};
/* End XCConfigurationList section */
	};
	rootObject = 18EB144620D2494C00DF938F /* Project object */;
}
